# This file was autogenerated by Stack.
# You should not edit this file by hand.
# For more information, please see the documentation at:
#   https://docs.haskellstack.org/en/stable/lock_files

packages:
- completed:
    cabal-file:
      size: 3398
      sha256: aae7b054a8146777f6b129db3899f4b13e3b6f7526ec1bb9e1ead673a4193341
    name: telegram-bot-simple
    version: 0.2.0
    git: https://github.com/dmitrydprog/telegram-bot-simple.git
    pantry-tree:
      size: 2047
      sha256: a6480547802eeb2dd1ef8e01eec180ff16c03b75d57ab807c9b77907decef0e6
    commit: a89da05a127453b95fdc8b82c3aebbd7a80c8c92
  original:
    git: https://github.com/dmitrydprog/telegram-bot-simple.git
    commit: a89da05a127453b95fdc8b82c3aebbd7a80c8c92
- completed:
    hackage: text-format-simple-1.1.0@sha256:5815236396328f556b9896fdcb949d15b485ef05394c9dc846e94b0306cb4036,735
    pantry-tree:
      size: 215
      sha256: 026136165778e83cb04c587b3609d95731ccf35da07249c9eb0f29ceb6946cbb
  original:
    hackage: text-format-simple-1.1.0
snapshots:
- completed:
    size: 523700
    url: https://raw.githubusercontent.com/commercialhaskell/stackage-snapshots/master/lts/14/7.yaml
    sha256: 8e3f3c894be74d71fa4bf085e0a8baae7e4d7622d07ea31a52736b80f8b9bb1a
  original: lts-14.7
